version: 2.0
shards:
  crystglfw:
    git: https://github.com/gummybears/crystglfw.git
    version: 0.2.1+git.commit.862ee4908afe89c7aef1a2b0fe354c8c299f1ed4

  lib_gl:
    git: https://github.com/gummybears/libgl.git
    version: 0.1.0+git.commit.1eb82ad455dc815dff9f51710c4e185a8efe4130

  lib_glfw:
    git: https://github.com/calebuharrison/libglfw.git
    version: 0.1.0+git.commit.4cf7c3774f278d7e044bb30a35b104f5b12fdc53

  stumpy_core:
    git: https://github.com/stumpycr/stumpy_core.git
    version: 1.9.1

  stumpy_gif:
    git: https://github.com/stumpycr/stumpy_gif.git
    version: 0.2.1

  stumpy_png:
    git: https://github.com/stumpycr/stumpy_png.git
    version: 5.0.1

